// !$*UTF8*$!
{
	archiveVersion = 1;
	classes = {
	};
	objectVersion = 46;
	objects = {

/* Begin PBXBuildFile section */
		CF2BC92318019D6100C66D15 /* Foundation.framework in Frameworks */ = {isa = PBXBuildFile; fileRef = CF2BC92218019D6100C66D15 /* Foundation.framework */; };
		CF2BC92518019D6100C66D15 /* CoreGraphics.framework in Frameworks */ = {isa = PBXBuildFile; fileRef = CF2BC92418019D6100C66D15 /* CoreGraphics.framework */; };
		CF2BC92718019D6100C66D15 /* UIKit.framework in Frameworks */ = {isa = PBXBuildFile; fileRef = CF2BC92618019D6100C66D15 /* UIKit.framework */; };
		CF2BC92D18019D6100C66D15 /* InfoPlist.strings in Resources */ = {isa = PBXBuildFile; fileRef = CF2BC92B18019D6100C66D15 /* InfoPlist.strings */; };
		CF2BC92F18019D6100C66D15 /* main.m in Sources */ = {isa = PBXBuildFile; fileRef = CF2BC92E18019D6100C66D15 /* main.m */; };
		CF2BC93318019D6100C66D15 /* NTHiBeaconsDelegate.m in Sources */ = {isa = PBXBuildFile; fileRef = CF2BC93218019D6100C66D15 /* NTHiBeaconsDelegate.m */; };
		CF2BC93518019D6100C66D15 /* Images.xcassets in Resources */ = {isa = PBXBuildFile; fileRef = CF2BC93418019D6100C66D15 /* Images.xcassets */; };
		CF2BC93C18019D6100C66D15 /* XCTest.framework in Frameworks */ = {isa = PBXBuildFile; fileRef = CF2BC93B18019D6100C66D15 /* XCTest.framework */; };
		CF2BC93D18019D6100C66D15 /* Foundation.framework in Frameworks */ = {isa = PBXBuildFile; fileRef = CF2BC92218019D6100C66D15 /* Foundation.framework */; };
		CF2BC93E18019D6100C66D15 /* UIKit.framework in Frameworks */ = {isa = PBXBuildFile; fileRef = CF2BC92618019D6100C66D15 /* UIKit.framework */; };
		CF2BC94618019D6100C66D15 /* InfoPlist.strings in Resources */ = {isa = PBXBuildFile; fileRef = CF2BC94418019D6100C66D15 /* InfoPlist.strings */; };
		CF2BC94818019D6100C66D15 /* HiBeaconsTests.m in Sources */ = {isa = PBXBuildFile; fileRef = CF2BC94718019D6100C66D15 /* HiBeaconsTests.m */; };
		CF2BC9521801A09D00C66D15 /* Main.storyboard in Resources */ = {isa = PBXBuildFile; fileRef = CF2BC9511801A09D00C66D15 /* Main.storyboard */; };
		CF2BC9551801A0C700C66D15 /* NTViewController.m in Sources */ = {isa = PBXBuildFile; fileRef = CF2BC9541801A0C700C66D15 /* NTViewController.m */; };
		CF2BC9571801A34900C66D15 /* CoreBluetooth.framework in Frameworks */ = {isa = PBXBuildFile; fileRef = CF2BC9561801A34900C66D15 /* CoreBluetooth.framework */; };
		CF2BC9591801A35E00C66D15 /* CoreLocation.framework in Frameworks */ = {isa = PBXBuildFile; fileRef = CF2BC9581801A35E00C66D15 /* CoreLocation.framework */; };
/* End PBXBuildFile section */

/* Begin PBXContainerItemProxy section */
		CF2BC93F18019D6100C66D15 /* PBXContainerItemProxy */ = {
			isa = PBXContainerItemProxy;
			containerPortal = CF2BC91718019D6100C66D15 /* Project object */;
			proxyType = 1;
			remoteGlobalIDString = CF2BC91E18019D6100C66D15;
			remoteInfo = HiBeacons;
		};
/* End PBXContainerItemProxy section */

/* Begin PBXFileReference section */
		CF2BC91F18019D6100C66D15 /* HiBeacons.app */ = {isa = PBXFileReference; explicitFileType = wrapper.application; includeInIndex = 0; path = HiBeacons.app; sourceTree = BUILT_PRODUCTS_DIR; };
		CF2BC92218019D6100C66D15 /* Foundation.framework */ = {isa = PBXFileReference; lastKnownFileType = wrapper.framework; name = Foundation.framework; path = System/Library/Frameworks/Foundation.framework; sourceTree = SDKROOT; };
		CF2BC92418019D6100C66D15 /* CoreGraphics.framework */ = {isa = PBXFileReference; lastKnownFileType = wrapper.framework; name = CoreGraphics.framework; path = System/Library/Frameworks/CoreGraphics.framework; sourceTree = SDKROOT; };
		CF2BC92618019D6100C66D15 /* UIKit.framework */ = {isa = PBXFileReference; lastKnownFileType = wrapper.framework; name = UIKit.framework; path = System/Library/Frameworks/UIKit.framework; sourceTree = SDKROOT; };
		CF2BC92A18019D6100C66D15 /* HiBeacons-Info.plist */ = {isa = PBXFileReference; lastKnownFileType = text.plist.xml; path = "HiBeacons-Info.plist"; sourceTree = "<group>"; };
		CF2BC92C18019D6100C66D15 /* en */ = {isa = PBXFileReference; lastKnownFileType = text.plist.strings; name = en; path = en.lproj/InfoPlist.strings; sourceTree = "<group>"; };
		CF2BC92E18019D6100C66D15 /* main.m */ = {isa = PBXFileReference; lastKnownFileType = sourcecode.c.objc; path = main.m; sourceTree = "<group>"; };
		CF2BC93018019D6100C66D15 /* HiBeacons-Prefix.pch */ = {isa = PBXFileReference; lastKnownFileType = sourcecode.c.h; path = "HiBeacons-Prefix.pch"; sourceTree = "<group>"; };
		CF2BC93118019D6100C66D15 /* NTHiBeaconsDelegate.h */ = {isa = PBXFileReference; lastKnownFileType = sourcecode.c.h; path = NTHiBeaconsDelegate.h; sourceTree = "<group>"; };
		CF2BC93218019D6100C66D15 /* NTHiBeaconsDelegate.m */ = {isa = PBXFileReference; lastKnownFileType = sourcecode.c.objc; path = NTHiBeaconsDelegate.m; sourceTree = "<group>"; };
		CF2BC93418019D6100C66D15 /* Images.xcassets */ = {isa = PBXFileReference; lastKnownFileType = folder.assetcatalog; path = Images.xcassets; sourceTree = "<group>"; };
		CF2BC93A18019D6100C66D15 /* HiBeaconsTests.xctest */ = {isa = PBXFileReference; explicitFileType = wrapper.cfbundle; includeInIndex = 0; path = HiBeaconsTests.xctest; sourceTree = BUILT_PRODUCTS_DIR; };
		CF2BC93B18019D6100C66D15 /* XCTest.framework */ = {isa = PBXFileReference; lastKnownFileType = wrapper.framework; name = XCTest.framework; path = Library/Frameworks/XCTest.framework; sourceTree = DEVELOPER_DIR; };
		CF2BC94318019D6100C66D15 /* HiBeaconsTests-Info.plist */ = {isa = PBXFileReference; lastKnownFileType = text.plist.xml; path = "HiBeaconsTests-Info.plist"; sourceTree = "<group>"; };
		CF2BC94518019D6100C66D15 /* en */ = {isa = PBXFileReference; lastKnownFileType = text.plist.strings; name = en; path = en.lproj/InfoPlist.strings; sourceTree = "<group>"; };
		CF2BC94718019D6100C66D15 /* HiBeaconsTests.m */ = {isa = PBXFileReference; lastKnownFileType = sourcecode.c.objc; path = HiBeaconsTests.m; sourceTree = "<group>"; };
		CF2BC9511801A09D00C66D15 /* Main.storyboard */ = {isa = PBXFileReference; fileEncoding = 4; lastKnownFileType = file.storyboard; path = Main.storyboard; sourceTree = "<group>"; };
		CF2BC9531801A0C700C66D15 /* NTViewController.h */ = {isa = PBXFileReference; fileEncoding = 4; lastKnownFileType = sourcecode.c.h; path = NTViewController.h; sourceTree = "<group>"; };
		CF2BC9541801A0C700C66D15 /* NTViewController.m */ = {isa = PBXFileReference; fileEncoding = 4; lastKnownFileType = sourcecode.c.objc; path = NTViewController.m; sourceTree = "<group>"; };
		CF2BC9561801A34900C66D15 /* CoreBluetooth.framework */ = {isa = PBXFileReference; lastKnownFileType = wrapper.framework; name = CoreBluetooth.framework; path = System/Library/Frameworks/CoreBluetooth.framework; sourceTree = SDKROOT; };
		CF2BC9581801A35E00C66D15 /* CoreLocation.framework */ = {isa = PBXFileReference; lastKnownFileType = wrapper.framework; name = CoreLocation.framework; path = System/Library/Frameworks/CoreLocation.framework; sourceTree = SDKROOT; };
/* End PBXFileReference section */

/* Begin PBXFrameworksBuildPhase section */
		CF2BC91C18019D6100C66D15 /* Frameworks */ = {
			isa = PBXFrameworksBuildPhase;
			buildActionMask = 2147483647;
			files = (
				CF2BC9591801A35E00C66D15 /* CoreLocation.framework in Frameworks */,
				CF2BC9571801A34900C66D15 /* CoreBluetooth.framework in Frameworks */,
				CF2BC92518019D6100C66D15 /* CoreGraphics.framework in Frameworks */,
				CF2BC92718019D6100C66D15 /* UIKit.framework in Frameworks */,
				CF2BC92318019D6100C66D15 /* Foundation.framework in Frameworks */,
			);
			runOnlyForDeploymentPostprocessing = 0;
		};
		CF2BC93718019D6100C66D15 /* Frameworks */ = {
			isa = PBXFrameworksBuildPhase;
			buildActionMask = 2147483647;
			files = (
				CF2BC93C18019D6100C66D15 /* XCTest.framework in Frameworks */,
				CF2BC93E18019D6100C66D15 /* UIKit.framework in Frameworks */,
				CF2BC93D18019D6100C66D15 /* Foundation.framework in Frameworks */,
			);
			runOnlyForDeploymentPostprocessing = 0;
		};
/* End PBXFrameworksBuildPhase section */

/* Begin PBXGroup section */
		CF2BC91618019D6100C66D15 = {
			isa = PBXGroup;
			children = (
				CF2BC92818019D6100C66D15 /* HiBeacons */,
				CF2BC94118019D6100C66D15 /* HiBeaconsTests */,
				CF2BC92118019D6100C66D15 /* Frameworks */,
				CF2BC92018019D6100C66D15 /* Products */,
			);
			sourceTree = "<group>";
		};
		CF2BC92018019D6100C66D15 /* Products */ = {
			isa = PBXGroup;
			children = (
				CF2BC91F18019D6100C66D15 /* HiBeacons.app */,
				CF2BC93A18019D6100C66D15 /* HiBeaconsTests.xctest */,
			);
			name = Products;
			sourceTree = "<group>";
		};
		CF2BC92118019D6100C66D15 /* Frameworks */ = {
			isa = PBXGroup;
			children = (
				CF2BC9581801A35E00C66D15 /* CoreLocation.framework */,
				CF2BC9561801A34900C66D15 /* CoreBluetooth.framework */,
				CF2BC92218019D6100C66D15 /* Foundation.framework */,
				CF2BC92418019D6100C66D15 /* CoreGraphics.framework */,
				CF2BC92618019D6100C66D15 /* UIKit.framework */,
				CF2BC93B18019D6100C66D15 /* XCTest.framework */,
			);
			name = Frameworks;
			sourceTree = "<group>";
		};
		CF2BC92818019D6100C66D15 /* HiBeacons */ = {
			isa = PBXGroup;
			children = (
				CF2BC93118019D6100C66D15 /* NTHiBeaconsDelegate.h */,
				CF2BC93218019D6100C66D15 /* NTHiBeaconsDelegate.m */,
				CF2BC9511801A09D00C66D15 /* Main.storyboard */,
				CF2BC9531801A0C700C66D15 /* NTViewController.h */,
				CF2BC9541801A0C700C66D15 /* NTViewController.m */,
				CF2BC93418019D6100C66D15 /* Images.xcassets */,
				CF2BC92918019D6100C66D15 /* Supporting Files */,
			);
			path = HiBeacons;
			sourceTree = "<group>";
		};
		CF2BC92918019D6100C66D15 /* Supporting Files */ = {
			isa = PBXGroup;
			children = (
				CF2BC92A18019D6100C66D15 /* HiBeacons-Info.plist */,
				CF2BC92B18019D6100C66D15 /* InfoPlist.strings */,
				CF2BC92E18019D6100C66D15 /* main.m */,
				CF2BC93018019D6100C66D15 /* HiBeacons-Prefix.pch */,
			);
			name = "Supporting Files";
			sourceTree = "<group>";
		};
		CF2BC94118019D6100C66D15 /* HiBeaconsTests */ = {
			isa = PBXGroup;
			children = (
				CF2BC94718019D6100C66D15 /* HiBeaconsTests.m */,
				CF2BC94218019D6100C66D15 /* Supporting Files */,
			);
			path = HiBeaconsTests;
			sourceTree = "<group>";
		};
		CF2BC94218019D6100C66D15 /* Supporting Files */ = {
			isa = PBXGroup;
			children = (
				CF2BC94318019D6100C66D15 /* HiBeaconsTests-Info.plist */,
				CF2BC94418019D6100C66D15 /* InfoPlist.strings */,
			);
			name = "Supporting Files";
			sourceTree = "<group>";
		};
/* End PBXGroup section */

/* Begin PBXNativeTarget section */
		CF2BC91E18019D6100C66D15 /* HiBeacons */ = {
			isa = PBXNativeTarget;
			buildConfigurationList = CF2BC94B18019D6100C66D15 /* Build configuration list for PBXNativeTarget "HiBeacons" */;
			buildPhases = (
				CF2BC91B18019D6100C66D15 /* Sources */,
				CF2BC91C18019D6100C66D15 /* Frameworks */,
				CF2BC91D18019D6100C66D15 /* Resources */,
			);
			buildRules = (
			);
			dependencies = (
			);
			name = HiBeacons;
			productName = HiBeacons;
			productReference = CF2BC91F18019D6100C66D15 /* HiBeacons.app */;
			productType = "com.apple.product-type.application";
		};
		CF2BC93918019D6100C66D15 /* HiBeaconsTests */ = {
			isa = PBXNativeTarget;
			buildConfigurationList = CF2BC94E18019D6100C66D15 /* Build configuration list for PBXNativeTarget "HiBeaconsTests" */;
			buildPhases = (
				CF2BC93618019D6100C66D15 /* Sources */,
				CF2BC93718019D6100C66D15 /* Frameworks */,
				CF2BC93818019D6100C66D15 /* Resources */,
			);
			buildRules = (
			);
			dependencies = (
				CF2BC94018019D6100C66D15 /* PBXTargetDependency */,
			);
			name = HiBeaconsTests;
			productName = HiBeaconsTests;
			productReference = CF2BC93A18019D6100C66D15 /* HiBeaconsTests.xctest */;
			productType = "com.apple.product-type.bundle.unit-test";
		};
/* End PBXNativeTarget section */

/* Begin PBXProject section */
		CF2BC91718019D6100C66D15 /* Project object */ = {
			isa = PBXProject;
			attributes = {
				CLASSPREFIX = NT;
				LastUpgradeCheck = 0500;
				ORGANIZATIONNAME = "Nick Toumpelis";
				TargetAttributes = {
					CF2BC91E18019D6100C66D15 = {
						SystemCapabilities = {
							com.apple.BackgroundModes = {
								enabled = 1;
							};
						};
					};
					CF2BC93918019D6100C66D15 = {
						TestTargetID = CF2BC91E18019D6100C66D15;
					};
				};
			};
			buildConfigurationList = CF2BC91A18019D6100C66D15 /* Build configuration list for PBXProject "HiBeacons" */;
			compatibilityVersion = "Xcode 3.2";
			developmentRegion = English;
			hasScannedForEncodings = 0;
			knownRegions = (
				en,
			);
			mainGroup = CF2BC91618019D6100C66D15;
			productRefGroup = CF2BC92018019D6100C66D15 /* Products */;
			projectDirPath = "";
			projectRoot = "";
			targets = (
				CF2BC91E18019D6100C66D15 /* HiBeacons */,
				CF2BC93918019D6100C66D15 /* HiBeaconsTests */,
			);
		};
/* End PBXProject section */

/* Begin PBXResourcesBuildPhase section */
		CF2BC91D18019D6100C66D15 /* Resources */ = {
			isa = PBXResourcesBuildPhase;
			buildActionMask = 2147483647;
			files = (
				CF2BC92D18019D6100C66D15 /* InfoPlist.strings in Resources */,
				CF2BC93518019D6100C66D15 /* Images.xcassets in Resources */,
				CF2BC9521801A09D00C66D15 /* Main.storyboard in Resources */,
			);
			runOnlyForDeploymentPostprocessing = 0;
		};
		CF2BC93818019D6100C66D15 /* Resources */ = {
			isa = PBXResourcesBuildPhase;
			buildActionMask = 2147483647;
			files = (
				CF2BC94618019D6100C66D15 /* InfoPlist.strings in Resources */,
			);
			runOnlyForDeploymentPostprocessing = 0;
		};
/* End PBXResourcesBuildPhase section */

/* Begin PBXSourcesBuildPhase section */
		CF2BC91B18019D6100C66D15 /* Sources */ = {
			isa = PBXSourcesBuildPhase;
			buildActionMask = 2147483647;
			files = (
				CF2BC93318019D6100C66D15 /* NTHiBeaconsDelegate.m in Sources */,
				CF2BC92F18019D6100C66D15 /* main.m in Sources */,
				CF2BC9551801A0C700C66D15 /* NTViewController.m in Sources */,
			);
			runOnlyForDeploymentPostprocessing = 0;
		};
		CF2BC93618019D6100C66D15 /* Sources */ = {
			isa = PBXSourcesBuildPhase;
			buildActionMask = 2147483647;
			files = (
				CF2BC94818019D6100C66D15 /* HiBeaconsTests.m in Sources */,
			);
			runOnlyForDeploymentPostprocessing = 0;
		};
/* End PBXSourcesBuildPhase section */

/* Begin PBXTargetDependency section */
		CF2BC94018019D6100C66D15 /* PBXTargetDependency */ = {
			isa = PBXTargetDependency;
			target = CF2BC91E18019D6100C66D15 /* HiBeacons */;
			targetProxy = CF2BC93F18019D6100C66D15 /* PBXContainerItemProxy */;
		};
/* End PBXTargetDependency section */

/* Begin PBXVariantGroup section */
		CF2BC92B18019D6100C66D15 /* InfoPlist.strings */ = {
			isa = PBXVariantGroup;
			children = (
				CF2BC92C18019D6100C66D15 /* en */,
			);
			name = InfoPlist.strings;
			sourceTree = "<group>";
		};
		CF2BC94418019D6100C66D15 /* InfoPlist.strings */ = {
			isa = PBXVariantGroup;
			children = (
				CF2BC94518019D6100C66D15 /* en */,
			);
			name = InfoPlist.strings;
			sourceTree = "<group>";
		};
/* End PBXVariantGroup section */

/* Begin XCBuildConfiguration section */
		CF2BC94918019D6100C66D15 /* Debug */ = {
			isa = XCBuildConfiguration;
			buildSettings = {
				ALWAYS_SEARCH_USER_PATHS = NO;
				ARCHS = "$(ARCHS_STANDARD_INCLUDING_64_BIT)";
				CLANG_CXX_LANGUAGE_STANDARD = "gnu++0x";
				CLANG_CXX_LIBRARY = "libc++";
				CLANG_ENABLE_MODULES = YES;
				CLANG_ENABLE_OBJC_ARC = YES;
				CLANG_WARN_BOOL_CONVERSION = YES;
				CLANG_WARN_CONSTANT_CONVERSION = YES;
				CLANG_WARN_DIRECT_OBJC_ISA_USAGE = YES_ERROR;
				CLANG_WARN_EMPTY_BODY = YES;
				CLANG_WARN_ENUM_CONVERSION = YES;
				CLANG_WARN_INT_CONVERSION = YES;
				CLANG_WARN_OBJC_ROOT_CLASS = YES_ERROR;
				CLANG_WARN__DUPLICATE_METHOD_MATCH = YES;
				"CODE_SIGN_IDENTITY[sdk=iphoneos*]" = "iPhone Developer";
				COPY_PHASE_STRIP = NO;
				GCC_C_LANGUAGE_STANDARD = gnu99;
				GCC_DYNAMIC_NO_PIC = NO;
				GCC_OPTIMIZATION_LEVEL = 0;
				GCC_PREPROCESSOR_DEFINITIONS = (
					"DEBUG=1",
					"$(inherited)",
				);
				GCC_SYMBOLS_PRIVATE_EXTERN = NO;
				GCC_WARN_64_TO_32_BIT_CONVERSION = YES;
				GCC_WARN_ABOUT_RETURN_TYPE = YES_ERROR;
				GCC_WARN_UNDECLARED_SELECTOR = YES;
				GCC_WARN_UNINITIALIZED_AUTOS = YES;
				GCC_WARN_UNUSED_FUNCTION = YES;
				GCC_WARN_UNUSED_VARIABLE = YES;
				IPHONEOS_DEPLOYMENT_TARGET = 7.0;
				ONLY_ACTIVE_ARCH = YES;
				SDKROOT = iphoneos;
			};
			name = Debug;
		};
		CF2BC94A18019D6100C66D15 /* Release */ = {
			isa = XCBuildConfiguration;
			buildSettings = {
				ALWAYS_SEARCH_USER_PATHS = NO;
				ARCHS = "$(ARCHS_STANDARD_INCLUDING_64_BIT)";
				CLANG_CXX_LANGUAGE_STANDARD = "gnu++0x";
				CLANG_CXX_LIBRARY = "libc++";
				CLANG_ENABLE_MODULES = YES;
				CLANG_ENABLE_OBJC_ARC = YES;
				CLANG_WARN_BOOL_CONVERSION = YES;
				CLANG_WARN_CONSTANT_CONVERSION = YES;
				CLANG_WARN_DIRECT_OBJC_ISA_USAGE = YES_ERROR;
				CLANG_WARN_EMPTY_BODY = YES;
				CLANG_WARN_ENUM_CONVERSION = YES;
				CLANG_WARN_INT_CONVERSION = YES;
				CLANG_WARN_OBJC_ROOT_CLASS = YES_ERROR;
				CLANG_WARN__DUPLICATE_METHOD_MATCH = YES;
				"CODE_SIGN_IDENTITY[sdk=iphoneos*]" = "iPhone Developer";
				COPY_PHASE_STRIP = YES;
				ENABLE_NS_ASSERTIONS = NO;
				GCC_C_LANGUAGE_STANDARD = gnu99;
				GCC_WARN_64_TO_32_BIT_CONVERSION = YES;
				GCC_WARN_ABOUT_RETURN_TYPE = YES_ERROR;
				GCC_WARN_UNDECLARED_SELECTOR = YES;
				GCC_WARN_UNINITIALIZED_AUTOS = YES;
				GCC_WARN_UNUSED_FUNCTION = YES;
				GCC_WARN_UNUSED_VARIABLE = YES;
				IPHONEOS_DEPLOYMENT_TARGET = 7.0;
				SDKROOT = iphoneos;
				VALIDATE_PRODUCT = YES;
			};
			name = Release;
		};
		CF2BC94C18019D6100C66D15 /* Debug */ = {
			isa = XCBuildConfiguration;
			buildSettings = {
				ASSETCATALOG_COMPILER_APPICON_NAME = AppIcon;
				ASSETCATALOG_COMPILER_LAUNCHIMAGE_NAME = LaunchImage;
				GCC_PRECOMPILE_PREFIX_HEADER = YES;
				GCC_PREFIX_HEADER = "HiBeacons/HiBeacons-Prefix.pch";
				INFOPLIST_FILE = "HiBeacons/HiBeacons-Info.plist";
				PRODUCT_NAME = "$(TARGET_NAME)";
				WRAPPER_EXTENSION = app;
			};
			name = Debug;
		};
		CF2BC94D18019D6100C66D15 /* Release */ = {
			isa = XCBuildConfiguration;
			buildSettings = {
				ASSETCATALOG_COMPILER_APPICON_NAME = AppIcon;
				ASSETCATALOG_COMPILER_LAUNCHIMAGE_NAME = LaunchImage;
				GCC_PRECOMPILE_PREFIX_HEADER = YES;
				GCC_PREFIX_HEADER = "HiBeacons/HiBeacons-Prefix.pch";
				INFOPLIST_FILE = "HiBeacons/HiBeacons-Info.plist";
				PRODUCT_NAME = "$(TARGET_NAME)";
				WRAPPER_EXTENSION = app;
			};
			name = Release;
		};
		CF2BC94F18019D6100C66D15 /* Debug */ = {
			isa = XCBuildConfiguration;
			buildSettings = {
				ARCHS = "$(ARCHS_STANDARD_INCLUDING_64_BIT)";
				BUNDLE_LOADER = "$(BUILT_PRODUCTS_DIR)/HiBeacons.app/HiBeacons";
				FRAMEWORK_SEARCH_PATHS = (
					"$(SDKROOT)/Developer/Library/Frameworks",
					"$(inherited)",
					"$(DEVELOPER_FRAMEWORKS_DIR)",
				);
				GCC_PRECOMPILE_PREFIX_HEADER = YES;
				GCC_PREFIX_HEADER = "HiBeacons/HiBeacons-Prefix.pch";
				GCC_PREPROCESSOR_DEFINITIONS = (
					"DEBUG=1",
					"$(inherited)",
				);
				INFOPLIST_FILE = "HiBeaconsTests/HiBeaconsTests-Info.plist";
				PRODUCT_NAME = "$(TARGET_NAME)";
				TEST_HOST = "$(BUNDLE_LOADER)";
				WRAPPER_EXTENSION = xctest;
			};
			name = Debug;
		};
		CF2BC95018019D6100C66D15 /* Release */ = {
			isa = XCBuildConfiguration;
			buildSettings = {
				ARCHS = "$(ARCHS_STANDARD_INCLUDING_64_BIT)";
				BUNDLE_LOADER = "$(BUILT_PRODUCTS_DIR)/HiBeacons.app/HiBeacons";
				FRAMEWORK_SEARCH_PATHS = (
					"$(SDKROOT)/Developer/Library/Frameworks",
					"$(inherited)",
					"$(DEVELOPER_FRAMEWORKS_DIR)",
				);
				GCC_PRECOMPILE_PREFIX_HEADER = YES;
				GCC_PREFIX_HEADER = "HiBeacons/HiBeacons-Prefix.pch";
				INFOPLIST_FILE = "HiBeaconsTests/HiBeaconsTests-Info.plist";
				PRODUCT_NAME = "$(TARGET_NAME)";
				TEST_HOST = "$(BUNDLE_LOADER)";
				WRAPPER_EXTENSION = xctest;
			};
			name = Release;
		};
/* End XCBuildConfiguration section */

/* Begin XCConfigurationList section */
		CF2BC91A18019D6100C66D15 /* Build configuration list for PBXProject "HiBeacons" */ = {
			isa = XCConfigurationList;
			buildConfigurations = (
				CF2BC94918019D6100C66D15 /* Debug */,
				CF2BC94A18019D6100C66D15 /* Release */,
			);
			defaultConfigurationIsVisible = 0;
			defaultConfigurationName = Release;
		};
		CF2BC94B18019D6100C66D15 /* Build configuration list for PBXNativeTarget "HiBeacons" */ = {
			isa = XCConfigurationList;
			buildConfigurations = (
				CF2BC94C18019D6100C66D15 /* Debug */,
				CF2BC94D18019D6100C66D15 /* Release */,
			);
			defaultConfigurationIsVisible = 0;
		};
		CF2BC94E18019D6100C66D15 /* Build configuration list for PBXNativeTarget "HiBeaconsTests" */ = {
			isa = XCConfigurationList;
			buildConfigurations = (
				CF2BC94F18019D6100C66D15 /* Debug */,
				CF2BC95018019D6100C66D15 /* Release */,
			);
			defaultConfigurationIsVisible = 0;
		};
/* End XCConfigurationList section */
	};
	rootObject = CF2BC91718019D6100C66D15 /* Project object */;
}
