// !$*UTF8*$!
{
	archiveVersion = 1;
	classes = {
	};
	objectVersion = 46;
	objects = {

/* Begin PBXBuildFile section */
		CF2A010A1B732939002110C1 /* HiBeaconsInterfaceController.swift in Sources */ = {isa = PBXBuildFile; fileRef = CF2A01091B732939002110C1 /* HiBeaconsInterfaceController.swift */; };
		CF2A010C1B732939002110C1 /* NotificationController.swift in Sources */ = {isa = PBXBuildFile; fileRef = CF2A010B1B732939002110C1 /* NotificationController.swift */; };
		CF2A010E1B732939002110C1 /* GlanceController.swift in Sources */ = {isa = PBXBuildFile; fileRef = CF2A010D1B732939002110C1 /* GlanceController.swift */; };
		CF2A01101B732939002110C1 /* Images.xcassets in Resources */ = {isa = PBXBuildFile; fileRef = CF2A010F1B732939002110C1 /* Images.xcassets */; };
		CF2A011C1B732939002110C1 /* Interface.storyboard in Resources */ = {isa = PBXBuildFile; fileRef = CF2A011A1B732939002110C1 /* Interface.storyboard */; };
		CF2A011E1B732939002110C1 /* Images.xcassets in Resources */ = {isa = PBXBuildFile; fileRef = CF2A011D1B732939002110C1 /* Images.xcassets */; };
		CF2BC92D18019D6100C66D15 /* InfoPlist.strings in Resources */ = {isa = PBXBuildFile; fileRef = CF2BC92B18019D6100C66D15 /* InfoPlist.strings */; };
		CF2BC93518019D6100C66D15 /* Images.xcassets in Resources */ = {isa = PBXBuildFile; fileRef = CF2BC93418019D6100C66D15 /* Images.xcassets */; };
		CF2BC9521801A09D00C66D15 /* Main.storyboard in Resources */ = {isa = PBXBuildFile; fileRef = CF2BC9511801A09D00C66D15 /* Main.storyboard */; };
		CF76F7D71BAEE71400983EA9 /* HiBeacons WatchKit Extension.appex in Embed App Extensions */ = {isa = PBXBuildFile; fileRef = CF2A01041B732939002110C1 /* HiBeacons WatchKit Extension.appex */; settings = {ATTRIBUTES = (RemoveHeadersOnCopy, ); }; };
		CF76F7DA1BAEE71400983EA9 /* HiBeacons WatchKit App.app in Embed Watch Content */ = {isa = PBXBuildFile; fileRef = CF2A01131B732939002110C1 /* HiBeacons WatchKit App.app */; };
		CF96E4C71B5ED80E00285986 /* NATHiBeaconsDelegate.swift in Sources */ = {isa = PBXBuildFile; fileRef = CF96E4C61B5ED80E00285986 /* NATHiBeaconsDelegate.swift */; };
		CF96E4CB1B5EE7F800285986 /* Launch Screen.xib in Resources */ = {isa = PBXBuildFile; fileRef = CF96E4CA1B5EE7F800285986 /* Launch Screen.xib */; };
		CF96E4CD1B5F152700285986 /* NATViewController.swift in Sources */ = {isa = PBXBuildFile; fileRef = CF96E4CC1B5F152700285986 /* NATViewController.swift */; };
		CFE8B47E1B6538EC008CB9A4 /* NATOperationCell.swift in Sources */ = {isa = PBXBuildFile; fileRef = CFE8B47D1B6538EC008CB9A4 /* NATOperationCell.swift */; };
		CFE8B4801B655D6B008CB9A4 /* NATOperation.swift in Sources */ = {isa = PBXBuildFile; fileRef = CFE8B47F1B655D6B008CB9A4 /* NATOperation.swift */; };
		CFE8B4821B655DB6008CB9A4 /* NATMonitoringOperation.swift in Sources */ = {isa = PBXBuildFile; fileRef = CFE8B4811B655DB6008CB9A4 /* NATMonitoringOperation.swift */; };
		CFE8B4841B655E1A008CB9A4 /* NATRangingOperation.swift in Sources */ = {isa = PBXBuildFile; fileRef = CFE8B4831B655E1A008CB9A4 /* NATRangingOperation.swift */; };
		CFE8B4861B655E4E008CB9A4 /* NATAdvertisingOperation.swift in Sources */ = {isa = PBXBuildFile; fileRef = CFE8B4851B655E4E008CB9A4 /* NATAdvertisingOperation.swift */; };
/* End PBXBuildFile section */

/* Begin PBXContainerItemProxy section */
		CF76F7D51BAEE71400983EA9 /* PBXContainerItemProxy */ = {
			isa = PBXContainerItemProxy;
			containerPortal = CF2BC91718019D6100C66D15 /* Project object */;
			proxyType = 1;
			remoteGlobalIDString = CF2A01031B732939002110C1;
			remoteInfo = "HiBeacons WatchKit Extension";
		};
		CF76F7D81BAEE71400983EA9 /* PBXContainerItemProxy */ = {
			isa = PBXContainerItemProxy;
			containerPortal = CF2BC91718019D6100C66D15 /* Project object */;
			proxyType = 1;
			remoteGlobalIDString = CF2A01121B732939002110C1;
			remoteInfo = "HiBeacons WatchKit App";
		};
/* End PBXContainerItemProxy section */

/* Begin PBXCopyFilesBuildPhase section */
		CF76F7DB1BAEE71400983EA9 /* Embed App Extensions */ = {
			isa = PBXCopyFilesBuildPhase;
			buildActionMask = 2147483647;
			dstPath = "";
			dstSubfolderSpec = 13;
			files = (
				CF76F7D71BAEE71400983EA9 /* HiBeacons WatchKit Extension.appex in Embed App Extensions */,
			);
			name = "Embed App Extensions";
			runOnlyForDeploymentPostprocessing = 0;
		};
		CF76F7DC1BAEE71400983EA9 /* Embed Watch Content */ = {
			isa = PBXCopyFilesBuildPhase;
			buildActionMask = 2147483647;
			dstPath = "$(CONTENTS_FOLDER_PATH)/Watch";
			dstSubfolderSpec = 16;
			files = (
				CF76F7DA1BAEE71400983EA9 /* HiBeacons WatchKit App.app in Embed Watch Content */,
			);
			name = "Embed Watch Content";
			runOnlyForDeploymentPostprocessing = 0;
		};
/* End PBXCopyFilesBuildPhase section */

/* Begin PBXFileReference section */
		CF2A01041B732939002110C1 /* HiBeacons WatchKit Extension.appex */ = {isa = PBXFileReference; explicitFileType = "wrapper.app-extension"; includeInIndex = 0; path = "HiBeacons WatchKit Extension.appex"; sourceTree = BUILT_PRODUCTS_DIR; };
		CF2A01071B732939002110C1 /* HiBeacons-WKExtension-Info.plist */ = {isa = PBXFileReference; lastKnownFileType = text.plist.xml; path = "HiBeacons-WKExtension-Info.plist"; sourceTree = "<group>"; };
		CF2A01081B732939002110C1 /* PushNotificationPayload.apns */ = {isa = PBXFileReference; lastKnownFileType = text; path = PushNotificationPayload.apns; sourceTree = "<group>"; };
		CF2A01091B732939002110C1 /* HiBeaconsInterfaceController.swift */ = {isa = PBXFileReference; lastKnownFileType = sourcecode.swift; path = HiBeaconsInterfaceController.swift; sourceTree = "<group>"; };
		CF2A010B1B732939002110C1 /* NotificationController.swift */ = {isa = PBXFileReference; lastKnownFileType = sourcecode.swift; path = NotificationController.swift; sourceTree = "<group>"; };
		CF2A010D1B732939002110C1 /* GlanceController.swift */ = {isa = PBXFileReference; lastKnownFileType = sourcecode.swift; path = GlanceController.swift; sourceTree = "<group>"; };
		CF2A010F1B732939002110C1 /* Images.xcassets */ = {isa = PBXFileReference; lastKnownFileType = folder.assetcatalog; path = Images.xcassets; sourceTree = "<group>"; };
		CF2A01131B732939002110C1 /* HiBeacons WatchKit App.app */ = {isa = PBXFileReference; explicitFileType = wrapper.application; includeInIndex = 0; path = "HiBeacons WatchKit App.app"; sourceTree = BUILT_PRODUCTS_DIR; };
		CF2A01191B732939002110C1 /* HiBeacons-WKApp-Info.plist */ = {isa = PBXFileReference; lastKnownFileType = text.plist.xml; path = "HiBeacons-WKApp-Info.plist"; sourceTree = "<group>"; };
		CF2A011B1B732939002110C1 /* Base */ = {isa = PBXFileReference; lastKnownFileType = file.storyboard; name = Base; path = Base.lproj/Interface.storyboard; sourceTree = "<group>"; };
		CF2A011D1B732939002110C1 /* Images.xcassets */ = {isa = PBXFileReference; lastKnownFileType = folder.assetcatalog; path = Images.xcassets; sourceTree = "<group>"; };
		CF2BC91F18019D6100C66D15 /* HiBeacons.app */ = {isa = PBXFileReference; explicitFileType = wrapper.application; includeInIndex = 0; path = HiBeacons.app; sourceTree = BUILT_PRODUCTS_DIR; };
		CF2BC92A18019D6100C66D15 /* HiBeacons-Info.plist */ = {isa = PBXFileReference; lastKnownFileType = text.plist.xml; path = "HiBeacons-Info.plist"; sourceTree = "<group>"; };
		CF2BC92C18019D6100C66D15 /* en */ = {isa = PBXFileReference; lastKnownFileType = text.plist.strings; name = en; path = en.lproj/InfoPlist.strings; sourceTree = "<group>"; };
		CF2BC93418019D6100C66D15 /* Images.xcassets */ = {isa = PBXFileReference; lastKnownFileType = folder.assetcatalog; path = Images.xcassets; sourceTree = "<group>"; };
		CF2BC9511801A09D00C66D15 /* Main.storyboard */ = {isa = PBXFileReference; fileEncoding = 4; lastKnownFileType = file.storyboard; path = Main.storyboard; sourceTree = "<group>"; };
		CF96E4C61B5ED80E00285986 /* NATHiBeaconsDelegate.swift */ = {isa = PBXFileReference; fileEncoding = 4; lastKnownFileType = sourcecode.swift; path = NATHiBeaconsDelegate.swift; sourceTree = "<group>"; };
		CF96E4CA1B5EE7F800285986 /* Launch Screen.xib */ = {isa = PBXFileReference; fileEncoding = 4; lastKnownFileType = file.xib; path = "Launch Screen.xib"; sourceTree = "<group>"; };
		CF96E4CC1B5F152700285986 /* NATViewController.swift */ = {isa = PBXFileReference; fileEncoding = 4; lastKnownFileType = sourcecode.swift; path = NATViewController.swift; sourceTree = "<group>"; };
		CFE8B47D1B6538EC008CB9A4 /* NATOperationCell.swift */ = {isa = PBXFileReference; fileEncoding = 4; lastKnownFileType = sourcecode.swift; path = NATOperationCell.swift; sourceTree = "<group>"; };
		CFE8B47F1B655D6B008CB9A4 /* NATOperation.swift */ = {isa = PBXFileReference; fileEncoding = 4; lastKnownFileType = sourcecode.swift; path = NATOperation.swift; sourceTree = "<group>"; };
		CFE8B4811B655DB6008CB9A4 /* NATMonitoringOperation.swift */ = {isa = PBXFileReference; fileEncoding = 4; lastKnownFileType = sourcecode.swift; path = NATMonitoringOperation.swift; sourceTree = "<group>"; };
		CFE8B4831B655E1A008CB9A4 /* NATRangingOperation.swift */ = {isa = PBXFileReference; fileEncoding = 4; lastKnownFileType = sourcecode.swift; path = NATRangingOperation.swift; sourceTree = "<group>"; };
		CFE8B4851B655E4E008CB9A4 /* NATAdvertisingOperation.swift */ = {isa = PBXFileReference; fileEncoding = 4; lastKnownFileType = sourcecode.swift; path = NATAdvertisingOperation.swift; sourceTree = "<group>"; };
/* End PBXFileReference section */

/* Begin PBXFrameworksBuildPhase section */
		CF2A01011B732939002110C1 /* Frameworks */ = {
			isa = PBXFrameworksBuildPhase;
			buildActionMask = 2147483647;
			files = (
			);
			runOnlyForDeploymentPostprocessing = 0;
		};
		CF2BC91C18019D6100C66D15 /* Frameworks */ = {
			isa = PBXFrameworksBuildPhase;
			buildActionMask = 2147483647;
			files = (
			);
			runOnlyForDeploymentPostprocessing = 0;
		};
/* End PBXFrameworksBuildPhase section */

/* Begin PBXGroup section */
		CF2A01051B732939002110C1 /* HiBeacons WatchKit Extension */ = {
			isa = PBXGroup;
			children = (
				CF2A01091B732939002110C1 /* HiBeaconsInterfaceController.swift */,
				CF2A010B1B732939002110C1 /* NotificationController.swift */,
				CF2A010D1B732939002110C1 /* GlanceController.swift */,
				CF2A010F1B732939002110C1 /* Images.xcassets */,
				CF2A01061B732939002110C1 /* Supporting Files */,
			);
			path = "HiBeacons WatchKit Extension";
			sourceTree = "<group>";
		};
		CF2A01061B732939002110C1 /* Supporting Files */ = {
			isa = PBXGroup;
			children = (
				CF2A01071B732939002110C1 /* HiBeacons-WKExtension-Info.plist */,
				CF2A01081B732939002110C1 /* PushNotificationPayload.apns */,
			);
			name = "Supporting Files";
			sourceTree = "<group>";
		};
		CF2A01171B732939002110C1 /* HiBeacons WatchKit App */ = {
			isa = PBXGroup;
			children = (
				CF2A011A1B732939002110C1 /* Interface.storyboard */,
				CF2A011D1B732939002110C1 /* Images.xcassets */,
				CF2A01181B732939002110C1 /* Supporting Files */,
			);
			path = "HiBeacons WatchKit App";
			sourceTree = "<group>";
		};
		CF2A01181B732939002110C1 /* Supporting Files */ = {
			isa = PBXGroup;
			children = (
				CF2A01191B732939002110C1 /* HiBeacons-WKApp-Info.plist */,
			);
			name = "Supporting Files";
			sourceTree = "<group>";
		};
		CF2BC91618019D6100C66D15 = {
			isa = PBXGroup;
			children = (
				CF2BC92818019D6100C66D15 /* HiBeacons */,
				CF2A01051B732939002110C1 /* HiBeacons WatchKit Extension */,
				CF2A01171B732939002110C1 /* HiBeacons WatchKit App */,
				CF2BC92118019D6100C66D15 /* Frameworks */,
				CF2BC92018019D6100C66D15 /* Products */,
			);
			sourceTree = "<group>";
		};
		CF2BC92018019D6100C66D15 /* Products */ = {
			isa = PBXGroup;
			children = (
				CF2BC91F18019D6100C66D15 /* HiBeacons.app */,
				CF2A01041B732939002110C1 /* HiBeacons WatchKit Extension.appex */,
				CF2A01131B732939002110C1 /* HiBeacons WatchKit App.app */,
			);
			name = Products;
			sourceTree = "<group>";
		};
		CF2BC92118019D6100C66D15 /* Frameworks */ = {
			isa = PBXGroup;
			children = (
			);
			name = Frameworks;
			sourceTree = "<group>";
		};
		CF2BC92818019D6100C66D15 /* HiBeacons */ = {
			isa = PBXGroup;
			children = (
				CF96E4C61B5ED80E00285986 /* NATHiBeaconsDelegate.swift */,
				CF96E4CC1B5F152700285986 /* NATViewController.swift */,
				CFE8B47D1B6538EC008CB9A4 /* NATOperationCell.swift */,
				CFE8B4871B65AD35008CB9A4 /* NATOperation Hierarchy */,
				CF96E4C91B5EE7DB00285986 /* Resources */,
				CF2BC92918019D6100C66D15 /* Supporting Files */,
			);
			path = HiBeacons;
			sourceTree = "<group>";
		};
		CF2BC92918019D6100C66D15 /* Supporting Files */ = {
			isa = PBXGroup;
			children = (
				CF2BC92A18019D6100C66D15 /* HiBeacons-Info.plist */,
				CF2BC92B18019D6100C66D15 /* InfoPlist.strings */,
			);
			name = "Supporting Files";
			sourceTree = "<group>";
		};
		CF96E4C91B5EE7DB00285986 /* Resources */ = {
			isa = PBXGroup;
			children = (
				CF2BC93418019D6100C66D15 /* Images.xcassets */,
				CF2BC9511801A09D00C66D15 /* Main.storyboard */,
				CF96E4CA1B5EE7F800285986 /* Launch Screen.xib */,
			);
			name = Resources;
			sourceTree = "<group>";
		};
		CFE8B4871B65AD35008CB9A4 /* NATOperation Hierarchy */ = {
			isa = PBXGroup;
			children = (
				CFE8B47F1B655D6B008CB9A4 /* NATOperation.swift */,
				CFE8B4811B655DB6008CB9A4 /* NATMonitoringOperation.swift */,
				CFE8B4851B655E4E008CB9A4 /* NATAdvertisingOperation.swift */,
				CFE8B4831B655E1A008CB9A4 /* NATRangingOperation.swift */,
			);
			name = "NATOperation Hierarchy";
			sourceTree = "<group>";
		};
/* End PBXGroup section */

/* Begin PBXNativeTarget section */
		CF2A01031B732939002110C1 /* HiBeacons WatchKit Extension */ = {
			isa = PBXNativeTarget;
			buildConfigurationList = CF2A01271B732939002110C1 /* Build configuration list for PBXNativeTarget "HiBeacons WatchKit Extension" */;
			buildPhases = (
				CF2A01001B732939002110C1 /* Sources */,
				CF2A01011B732939002110C1 /* Frameworks */,
				CF2A01021B732939002110C1 /* Resources */,
			);
			buildRules = (
			);
			dependencies = (
			);
			name = "HiBeacons WatchKit Extension";
			productName = "HiBeacons WatchKit Extension";
			productReference = CF2A01041B732939002110C1 /* HiBeacons WatchKit Extension.appex */;
			productType = "com.apple.product-type.watchkit2-extension";
		};
		CF2A01121B732939002110C1 /* HiBeacons WatchKit App */ = {
			isa = PBXNativeTarget;
			buildConfigurationList = CF2A01261B732939002110C1 /* Build configuration list for PBXNativeTarget "HiBeacons WatchKit App" */;
			buildPhases = (
				CF2A01111B732939002110C1 /* Resources */,
				CF76F7DB1BAEE71400983EA9 /* Embed App Extensions */,
			);
			buildRules = (
			);
			dependencies = (
				CF76F7D61BAEE71400983EA9 /* PBXTargetDependency */,
			);
			name = "HiBeacons WatchKit App";
			productName = "HiBeacons WatchKit App";
			productReference = CF2A01131B732939002110C1 /* HiBeacons WatchKit App.app */;
			productType = "com.apple.product-type.application.watchapp2";
		};
		CF2BC91E18019D6100C66D15 /* HiBeacons */ = {
			isa = PBXNativeTarget;
			buildConfigurationList = CF2BC94B18019D6100C66D15 /* Build configuration list for PBXNativeTarget "HiBeacons" */;
			buildPhases = (
				CF2BC91B18019D6100C66D15 /* Sources */,
				CF2BC91C18019D6100C66D15 /* Frameworks */,
				CF2BC91D18019D6100C66D15 /* Resources */,
				CF76F7DC1BAEE71400983EA9 /* Embed Watch Content */,
			);
			buildRules = (
			);
			dependencies = (
				CF76F7D91BAEE71400983EA9 /* PBXTargetDependency */,
			);
			name = HiBeacons;
			productName = HiBeacons;
			productReference = CF2BC91F18019D6100C66D15 /* HiBeacons.app */;
			productType = "com.apple.product-type.application";
		};
/* End PBXNativeTarget section */

/* Begin PBXProject section */
		CF2BC91718019D6100C66D15 /* Project object */ = {
			isa = PBXProject;
			attributes = {
				CLASSPREFIX = NAT;
				LastSwiftUpdateCheck = 0700;
				LastUpgradeCheck = 0700;
				ORGANIZATIONNAME = "Nick Toumpelis";
				TargetAttributes = {
					CF2A01031B732939002110C1 = {
						CreatedOnToolsVersion = 6.4;
						DevelopmentTeam = P5JZPD83BK;
						LastSwiftMigration = 0800;
					};
					CF2A01121B732939002110C1 = {
						CreatedOnToolsVersion = 6.4;
						DevelopmentTeam = P5JZPD83BK;
						LastSwiftMigration = 0800;
					};
					CF2BC91E18019D6100C66D15 = {
						DevelopmentTeam = P5JZPD83BK;
						LastSwiftMigration = 0800;
						SystemCapabilities = {
							com.apple.BackgroundModes = {
								enabled = 1;
							};
							com.apple.InterAppAudio = {
								enabled = 0;
							};
						};
					};
				};
			};
			buildConfigurationList = CF2BC91A18019D6100C66D15 /* Build configuration list for PBXProject "HiBeacons" */;
			compatibilityVersion = "Xcode 3.2";
			developmentRegion = English;
			hasScannedForEncodings = 0;
			knownRegions = (
				en,
				Base,
			);
			mainGroup = CF2BC91618019D6100C66D15;
			productRefGroup = CF2BC92018019D6100C66D15 /* Products */;
			projectDirPath = "";
			projectRoot = "";
			targets = (
				CF2BC91E18019D6100C66D15 /* HiBeacons */,
				CF2A01031B732939002110C1 /* HiBeacons WatchKit Extension */,
				CF2A01121B732939002110C1 /* HiBeacons WatchKit App */,
			);
		};
/* End PBXProject section */

/* Begin PBXResourcesBuildPhase section */
		CF2A01021B732939002110C1 /* Resources */ = {
			isa = PBXResourcesBuildPhase;
			buildActionMask = 2147483647;
			files = (
				CF2A01101B732939002110C1 /* Images.xcassets in Resources */,
			);
			runOnlyForDeploymentPostprocessing = 0;
		};
		CF2A01111B732939002110C1 /* Resources */ = {
			isa = PBXResourcesBuildPhase;
			buildActionMask = 2147483647;
			files = (
				CF2A011C1B732939002110C1 /* Interface.storyboard in Resources */,
				CF2A011E1B732939002110C1 /* Images.xcassets in Resources */,
			);
			runOnlyForDeploymentPostprocessing = 0;
		};
		CF2BC91D18019D6100C66D15 /* Resources */ = {
			isa = PBXResourcesBuildPhase;
			buildActionMask = 2147483647;
			files = (
				CF2BC92D18019D6100C66D15 /* InfoPlist.strings in Resources */,
				CF96E4CB1B5EE7F800285986 /* Launch Screen.xib in Resources */,
				CF2BC93518019D6100C66D15 /* Images.xcassets in Resources */,
				CF2BC9521801A09D00C66D15 /* Main.storyboard in Resources */,
			);
			runOnlyForDeploymentPostprocessing = 0;
		};
/* End PBXResourcesBuildPhase section */

/* Begin PBXSourcesBuildPhase section */
		CF2A01001B732939002110C1 /* Sources */ = {
			isa = PBXSourcesBuildPhase;
			buildActionMask = 2147483647;
			files = (
				CF2A010C1B732939002110C1 /* NotificationController.swift in Sources */,
				CF2A010A1B732939002110C1 /* HiBeaconsInterfaceController.swift in Sources */,
				CF2A010E1B732939002110C1 /* GlanceController.swift in Sources */,
			);
			runOnlyForDeploymentPostprocessing = 0;
		};
		CF2BC91B18019D6100C66D15 /* Sources */ = {
			isa = PBXSourcesBuildPhase;
			buildActionMask = 2147483647;
			files = (
				CF96E4CD1B5F152700285986 /* NATViewController.swift in Sources */,
				CFE8B4801B655D6B008CB9A4 /* NATOperation.swift in Sources */,
				CFE8B4861B655E4E008CB9A4 /* NATAdvertisingOperation.swift in Sources */,
				CFE8B4841B655E1A008CB9A4 /* NATRangingOperation.swift in Sources */,
				CFE8B4821B655DB6008CB9A4 /* NATMonitoringOperation.swift in Sources */,
				CFE8B47E1B6538EC008CB9A4 /* NATOperationCell.swift in Sources */,
				CF96E4C71B5ED80E00285986 /* NATHiBeaconsDelegate.swift in Sources */,
			);
			runOnlyForDeploymentPostprocessing = 0;
		};
/* End PBXSourcesBuildPhase section */

/* Begin PBXTargetDependency section */
		CF76F7D61BAEE71400983EA9 /* PBXTargetDependency */ = {
			isa = PBXTargetDependency;
			target = CF2A01031B732939002110C1 /* HiBeacons WatchKit Extension */;
			targetProxy = CF76F7D51BAEE71400983EA9 /* PBXContainerItemProxy */;
		};
		CF76F7D91BAEE71400983EA9 /* PBXTargetDependency */ = {
			isa = PBXTargetDependency;
			target = CF2A01121B732939002110C1 /* HiBeacons WatchKit App */;
			targetProxy = CF76F7D81BAEE71400983EA9 /* PBXContainerItemProxy */;
		};
/* End PBXTargetDependency section */

/* Begin PBXVariantGroup section */
		CF2A011A1B732939002110C1 /* Interface.storyboard */ = {
			isa = PBXVariantGroup;
			children = (
				CF2A011B1B732939002110C1 /* Base */,
			);
			name = Interface.storyboard;
			sourceTree = "<group>";
		};
		CF2BC92B18019D6100C66D15 /* InfoPlist.strings */ = {
			isa = PBXVariantGroup;
			children = (
				CF2BC92C18019D6100C66D15 /* en */,
			);
			name = InfoPlist.strings;
			sourceTree = "<group>";
		};
/* End PBXVariantGroup section */

/* Begin XCBuildConfiguration section */
		CF2A01221B732939002110C1 /* Debug */ = {
			isa = XCBuildConfiguration;
			buildSettings = {
				CLANG_WARN_UNREACHABLE_CODE = YES;
				CODE_SIGN_IDENTITY = "iPhone Developer";
				"CODE_SIGN_IDENTITY[sdk=iphoneos*]" = "iPhone Developer";
				DEBUG_INFORMATION_FORMAT = "dwarf-with-dsym";
				ENABLE_STRICT_OBJC_MSGSEND = YES;
				GCC_NO_COMMON_BLOCKS = YES;
				GCC_PREPROCESSOR_DEFINITIONS = (
					"DEBUG=1",
					"$(inherited)",
				);
				GCC_WARN_UNINITIALIZED_AUTOS = YES_AGGRESSIVE;
				INFOPLIST_FILE = "$(SRCROOT)/HiBeacons WatchKit Extension/HiBeacons-WKExtension-Info.plist";
				IPHONEOS_DEPLOYMENT_TARGET = 8.2;
				LD_RUNPATH_SEARCH_PATHS = "$(inherited) @executable_path/Frameworks @executable_path/../../Frameworks";
				MTL_ENABLE_DEBUG_INFO = YES;
				PRODUCT_BUNDLE_IDENTIFIER = org.nicktoumpelis.HiBeacons.watchkitapp.watchkitextension;
				PRODUCT_NAME = "${TARGET_NAME}";
				SDKROOT = watchos;
				SKIP_INSTALL = YES;
				SWIFT_OPTIMIZATION_LEVEL = "-Onone";
				SWIFT_VERSION = 3.0;
				TARGETED_DEVICE_FAMILY = 4;
				WATCHOS_DEPLOYMENT_TARGET = 2.0;
			};
			name = Debug;
		};
		CF2A01231B732939002110C1 /* Release */ = {
			isa = XCBuildConfiguration;
			buildSettings = {
				CLANG_WARN_UNREACHABLE_CODE = YES;
				CODE_SIGN_IDENTITY = "iPhone Developer";
				"CODE_SIGN_IDENTITY[sdk=iphoneos*]" = "iPhone Developer";
				COPY_PHASE_STRIP = NO;
				DEBUG_INFORMATION_FORMAT = "dwarf-with-dsym";
				ENABLE_STRICT_OBJC_MSGSEND = YES;
				GCC_NO_COMMON_BLOCKS = YES;
				GCC_WARN_UNINITIALIZED_AUTOS = YES_AGGRESSIVE;
				INFOPLIST_FILE = "$(SRCROOT)/HiBeacons WatchKit Extension/HiBeacons-WKExtension-Info.plist";
				IPHONEOS_DEPLOYMENT_TARGET = 8.2;
				LD_RUNPATH_SEARCH_PATHS = "$(inherited) @executable_path/Frameworks @executable_path/../../Frameworks";
				MTL_ENABLE_DEBUG_INFO = NO;
				PRODUCT_BUNDLE_IDENTIFIER = org.nicktoumpelis.HiBeacons.watchkitapp.watchkitextension;
				PRODUCT_NAME = "${TARGET_NAME}";
				SDKROOT = watchos;
				SKIP_INSTALL = YES;
				SWIFT_VERSION = 3.0;
				TARGETED_DEVICE_FAMILY = 4;
				WATCHOS_DEPLOYMENT_TARGET = 2.0;
			};
			name = Release;
		};
		CF2A01241B732939002110C1 /* Debug */ = {
			isa = XCBuildConfiguration;
			buildSettings = {
				ASSETCATALOG_COMPILER_APPICON_NAME = AppIcon;
				CLANG_WARN_UNREACHABLE_CODE = YES;
				CODE_SIGN_IDENTITY = "iPhone Developer";
				"CODE_SIGN_IDENTITY[sdk=iphoneos*]" = "iPhone Developer";
				DEBUG_INFORMATION_FORMAT = "dwarf-with-dsym";
				EMBEDDED_CONTENT_CONTAINS_SWIFT = YES;
				ENABLE_STRICT_OBJC_MSGSEND = YES;
				GCC_NO_COMMON_BLOCKS = YES;
				GCC_PREPROCESSOR_DEFINITIONS = (
					"DEBUG=1",
					"$(inherited)",
				);
				GCC_WARN_UNINITIALIZED_AUTOS = YES_AGGRESSIVE;
				IBSC_MODULE = HiBeacons_WatchKit_Extension;
				INFOPLIST_FILE = "$(SRCROOT)/HiBeacons WatchKit App/HiBeacons-WKApp-Info.plist";
				MTL_ENABLE_DEBUG_INFO = YES;
				PRODUCT_BUNDLE_IDENTIFIER = org.nicktoumpelis.HiBeacons.watchkitapp;
				PRODUCT_NAME = "$(TARGET_NAME)";
				PROVISIONING_PROFILE = "";
				SDKROOT = watchos;
				SKIP_INSTALL = YES;
				SWIFT_VERSION = 3.0;
				TARGETED_DEVICE_FAMILY = 4;
				WATCHOS_DEPLOYMENT_TARGET = 2.0;
			};
			name = Debug;
		};
		CF2A01251B732939002110C1 /* Release */ = {
			isa = XCBuildConfiguration;
			buildSettings = {
				ASSETCATALOG_COMPILER_APPICON_NAME = AppIcon;
				CLANG_WARN_UNREACHABLE_CODE = YES;
				CODE_SIGN_IDENTITY = "iPhone Developer";
				"CODE_SIGN_IDENTITY[sdk=iphoneos*]" = "iPhone Developer";
				COPY_PHASE_STRIP = NO;
				DEBUG_INFORMATION_FORMAT = "dwarf-with-dsym";
				EMBEDDED_CONTENT_CONTAINS_SWIFT = YES;
				ENABLE_STRICT_OBJC_MSGSEND = YES;
				GCC_NO_COMMON_BLOCKS = YES;
				GCC_WARN_UNINITIALIZED_AUTOS = YES_AGGRESSIVE;
				IBSC_MODULE = HiBeacons_WatchKit_Extension;
				INFOPLIST_FILE = "$(SRCROOT)/HiBeacons WatchKit App/HiBeacons-WKApp-Info.plist";
				MTL_ENABLE_DEBUG_INFO = NO;
				PRODUCT_BUNDLE_IDENTIFIER = org.nicktoumpelis.HiBeacons.watchkitapp;
				PRODUCT_NAME = "$(TARGET_NAME)";
				PROVISIONING_PROFILE = "";
				SDKROOT = watchos;
				SKIP_INSTALL = YES;
				SWIFT_VERSION = 3.0;
				TARGETED_DEVICE_FAMILY = 4;
				WATCHOS_DEPLOYMENT_TARGET = 2.0;
			};
			name = Release;
		};
		CF2BC94918019D6100C66D15 /* Debug */ = {
			isa = XCBuildConfiguration;
			buildSettings = {
				ALWAYS_SEARCH_USER_PATHS = NO;
				CLANG_CXX_LANGUAGE_STANDARD = "gnu++0x";
				CLANG_CXX_LIBRARY = "libc++";
				CLANG_ENABLE_MODULES = YES;
				CLANG_ENABLE_OBJC_ARC = YES;
				CLANG_WARN_BOOL_CONVERSION = YES;
				CLANG_WARN_CONSTANT_CONVERSION = YES;
				CLANG_WARN_DIRECT_OBJC_ISA_USAGE = YES_ERROR;
				CLANG_WARN_EMPTY_BODY = YES;
				CLANG_WARN_ENUM_CONVERSION = YES;
				CLANG_WARN_INT_CONVERSION = YES;
				CLANG_WARN_OBJC_ROOT_CLASS = YES_ERROR;
				CLANG_WARN__DUPLICATE_METHOD_MATCH = YES;
				"CODE_SIGN_IDENTITY[sdk=iphoneos*]" = "iPhone Developer";
				COPY_PHASE_STRIP = NO;
				ENABLE_TESTABILITY = YES;
				GCC_C_LANGUAGE_STANDARD = gnu99;
				GCC_DYNAMIC_NO_PIC = NO;
				GCC_OPTIMIZATION_LEVEL = 0;
				GCC_PREPROCESSOR_DEFINITIONS = (
					"DEBUG=1",
					"$(inherited)",
				);
				GCC_SYMBOLS_PRIVATE_EXTERN = NO;
				GCC_WARN_64_TO_32_BIT_CONVERSION = YES;
				GCC_WARN_ABOUT_RETURN_TYPE = YES_ERROR;
				GCC_WARN_UNDECLARED_SELECTOR = YES;
				GCC_WARN_UNINITIALIZED_AUTOS = YES;
				GCC_WARN_UNUSED_FUNCTION = YES;
				GCC_WARN_UNUSED_VARIABLE = YES;
				IPHONEOS_DEPLOYMENT_TARGET = 8.2;
				ONLY_ACTIVE_ARCH = YES;
				SDKROOT = iphoneos;
			};
			name = Debug;
		};
		CF2BC94A18019D6100C66D15 /* Release */ = {
			isa = XCBuildConfiguration;
			buildSettings = {
				ALWAYS_SEARCH_USER_PATHS = NO;
				CLANG_CXX_LANGUAGE_STANDARD = "gnu++0x";
				CLANG_CXX_LIBRARY = "libc++";
				CLANG_ENABLE_MODULES = YES;
				CLANG_ENABLE_OBJC_ARC = YES;
				CLANG_WARN_BOOL_CONVERSION = YES;
				CLANG_WARN_CONSTANT_CONVERSION = YES;
				CLANG_WARN_DIRECT_OBJC_ISA_USAGE = YES_ERROR;
				CLANG_WARN_EMPTY_BODY = YES;
				CLANG_WARN_ENUM_CONVERSION = YES;
				CLANG_WARN_INT_CONVERSION = YES;
				CLANG_WARN_OBJC_ROOT_CLASS = YES_ERROR;
				CLANG_WARN__DUPLICATE_METHOD_MATCH = YES;
				"CODE_SIGN_IDENTITY[sdk=iphoneos*]" = "iPhone Developer";
				COPY_PHASE_STRIP = YES;
				ENABLE_NS_ASSERTIONS = NO;
				GCC_C_LANGUAGE_STANDARD = gnu99;
				GCC_WARN_64_TO_32_BIT_CONVERSION = YES;
				GCC_WARN_ABOUT_RETURN_TYPE = YES_ERROR;
				GCC_WARN_UNDECLARED_SELECTOR = YES;
				GCC_WARN_UNINITIALIZED_AUTOS = YES;
				GCC_WARN_UNUSED_FUNCTION = YES;
				GCC_WARN_UNUSED_VARIABLE = YES;
				IPHONEOS_DEPLOYMENT_TARGET = 8.2;
				SDKROOT = iphoneos;
				VALIDATE_PRODUCT = YES;
			};
			name = Release;
		};
		CF2BC94C18019D6100C66D15 /* Debug */ = {
			isa = XCBuildConfiguration;
			buildSettings = {
				ASSETCATALOG_COMPILER_APPICON_NAME = AppIcon;
				ASSETCATALOG_COMPILER_LAUNCHIMAGE_NAME = LaunchImage;
				CLANG_ENABLE_MODULES = YES;
				CODE_SIGN_IDENTITY = "iPhone Developer";
				"CODE_SIGN_IDENTITY[sdk=iphoneos*]" = "iPhone Developer";
				GCC_PRECOMPILE_PREFIX_HEADER = YES;
				GCC_PREFIX_HEADER = "HiBeacons/HiBeacons-Prefix.pch";
				INFOPLIST_FILE = "HiBeacons/HiBeacons-Info.plist";
				IPHONEOS_DEPLOYMENT_TARGET = 9.0;
				LD_RUNPATH_SEARCH_PATHS = "$(inherited) @executable_path/Frameworks";
				PRODUCT_BUNDLE_IDENTIFIER = "org.nicktoumpelis.${PRODUCT_NAME:rfc1034identifier}";
				PRODUCT_NAME = "$(TARGET_NAME)";
				PROVISIONING_PROFILE = "";
				SWIFT_INSTALL_OBJC_HEADER = NO;
				SWIFT_OBJC_BRIDGING_HEADER = "";
				SWIFT_OPTIMIZATION_LEVEL = "-Owholemodule";
				SWIFT_VERSION = 3.0;
				WATCHOS_DEPLOYMENT_TARGET = 2.0;
				WRAPPER_EXTENSION = app;
			};
			name = Debug;
		};
		CF2BC94D18019D6100C66D15 /* Release */ = {
			isa = XCBuildConfiguration;
			buildSettings = {
				ASSETCATALOG_COMPILER_APPICON_NAME = AppIcon;
				ASSETCATALOG_COMPILER_LAUNCHIMAGE_NAME = LaunchImage;
				CLANG_ENABLE_MODULES = YES;
				CODE_SIGN_IDENTITY = "iPhone Developer";
				"CODE_SIGN_IDENTITY[sdk=iphoneos*]" = "iPhone Developer";
				GCC_PRECOMPILE_PREFIX_HEADER = YES;
				GCC_PREFIX_HEADER = "HiBeacons/HiBeacons-Prefix.pch";
				INFOPLIST_FILE = "HiBeacons/HiBeacons-Info.plist";
				IPHONEOS_DEPLOYMENT_TARGET = 9.0;
				LD_RUNPATH_SEARCH_PATHS = "$(inherited) @executable_path/Frameworks";
				PRODUCT_BUNDLE_IDENTIFIER = "org.nicktoumpelis.${PRODUCT_NAME:rfc1034identifier}";
				PRODUCT_NAME = "$(TARGET_NAME)";
				PROVISIONING_PROFILE = "";
				SWIFT_INSTALL_OBJC_HEADER = NO;
				SWIFT_OBJC_BRIDGING_HEADER = "";
				SWIFT_OPTIMIZATION_LEVEL = "-Owholemodule";
				SWIFT_VERSION = 3.0;
				WATCHOS_DEPLOYMENT_TARGET = 2.0;
				WRAPPER_EXTENSION = app;
			};
			name = Release;
		};
/* End XCBuildConfiguration section */

/* Begin XCConfigurationList section */
		CF2A01261B732939002110C1 /* Build configuration list for PBXNativeTarget "HiBeacons WatchKit App" */ = {
			isa = XCConfigurationList;
			buildConfigurations = (
				CF2A01241B732939002110C1 /* Debug */,
				CF2A01251B732939002110C1 /* Release */,
			);
			defaultConfigurationIsVisible = 0;
			defaultConfigurationName = Release;
		};
		CF2A01271B732939002110C1 /* Build configuration list for PBXNativeTarget "HiBeacons WatchKit Extension" */ = {
			isa = XCConfigurationList;
			buildConfigurations = (
				CF2A01221B732939002110C1 /* Debug */,
				CF2A01231B732939002110C1 /* Release */,
			);
			defaultConfigurationIsVisible = 0;
			defaultConfigurationName = Release;
		};
		CF2BC91A18019D6100C66D15 /* Build configuration list for PBXProject "HiBeacons" */ = {
			isa = XCConfigurationList;
			buildConfigurations = (
				CF2BC94918019D6100C66D15 /* Debug */,
				CF2BC94A18019D6100C66D15 /* Release */,
			);
			defaultConfigurationIsVisible = 0;
			defaultConfigurationName = Release;
		};
		CF2BC94B18019D6100C66D15 /* Build configuration list for PBXNativeTarget "HiBeacons" */ = {
			isa = XCConfigurationList;
			buildConfigurations = (
				CF2BC94C18019D6100C66D15 /* Debug */,
				CF2BC94D18019D6100C66D15 /* Release */,
			);
			defaultConfigurationIsVisible = 0;
			defaultConfigurationName = Release;
		};
/* End XCConfigurationList section */
	};
	rootObject = CF2BC91718019D6100C66D15 /* Project object */;
}
